{
  "name": "lib-liana",
  "version": "0.1.0",
  "lockfileVersion": 2,
  "requires": true,
  "packages": {
    "": {
      "name": "lib-liana",
      "version": "0.1.0",
      "license": "ISC",
      "dependencies": {
        "lib-fountain-pen": "^0.5.0",
        "pareto-core-lib": "^0.12.0",
        "pareto-core-raw": "^0.3.0",
        "pareto-core-state": "^0.9.0",
        "res-pareto-collation": "^0.6.0",
        "res-pareto-filesystem": "^0.24.0",
        "res-pareto-tostring": "^0.1.0"
      }
    },
    "node_modules/api-pareto-collation": {
      "version": "0.10.0",
      "resolved": "https://registry.npmjs.org/api-pareto-collation/-/api-pareto-collation-0.10.0.tgz",
      "integrity": "sha512-HCxXyV5FxV0/eB1AMLn9Kr95ZOkXxG9LqQK41qD6UtiSFMqGMuGS4WBoPuyAj2vFy1z5qCNz4LnajQ1MUcgVDw==",
      "dependencies": {
        "pareto-core-types": "^0.5.0"
      }
    },
    "node_modules/api-pareto-filesystem": {
      "version": "0.2.0",
      "resolved": "https://registry.npmjs.org/api-pareto-filesystem/-/api-pareto-filesystem-0.2.0.tgz",
      "integrity": "sha512-t8DKYwQ/XcGAD94w5WRnZojOtAe3HyKQaPIng6n2+ZIG+sM8oKGjlC/3BgB27bHgYSiXXM81wBPR9YhMkEAhvg==",
      "dependencies": {
        "pareto-core-types": "^0.2.0"
      }
    },
    "node_modules/api-pareto-filesystem/node_modules/pareto-core-types": {
      "version": "0.2.0",
      "resolved": "https://registry.npmjs.org/pareto-core-types/-/pareto-core-types-0.2.0.tgz",
      "integrity": "sha512-XopY0slTv5wAObZu0nOSsz6O86K/peQhVu+bqIBMJRKiewjawmIOqa9e8JHlFyXdMHxa0Ek4zDThWQVkiBCsKQ=="
    },
    "node_modules/api-pareto-tostring": {
      "version": "0.3.0",
      "resolved": "https://registry.npmjs.org/api-pareto-tostring/-/api-pareto-tostring-0.3.0.tgz",
      "integrity": "sha512-K0etuZ07JAwoGM3NLCucX5jlVUv0rqtxatazEOOS/FyrlFY9GHk/08C6IWwp2kBMD07+V+PGNDABDLoFzkmjmA==",
      "dependencies": {
        "pareto-core-internals": "^0.6.0",
        "pareto-core-types": "^0.5.0"
      }
    },
    "node_modules/lib-fountain-pen": {
      "version": "0.5.0",
      "resolved": "https://registry.npmjs.org/lib-fountain-pen/-/lib-fountain-pen-0.5.0.tgz",
      "integrity": "sha512-9YA3dKBdWGfBR9J59NaDPcAeIEJcJ8a9m2UwHD2dsjChcMSMv0rh3ubKqm1CmwL68QHSt5JhNp7aND3KULY9bg==",
      "dependencies": {
        "pareto-core-lib": "^0.12.0",
        "pareto-core-state": "^0.8.0",
        "pareto-core-tostring": "^0.6.0",
        "res-pareto-tostring": "^0.1.0"
      }
    },
    "node_modules/lib-fountain-pen/node_modules/pareto-core-state": {
      "version": "0.8.0",
      "resolved": "https://registry.npmjs.org/pareto-core-state/-/pareto-core-state-0.8.0.tgz",
      "integrity": "sha512-X4xhrpXYV8jkI6UloEJSwY/Kic5GgqxMZQjPA8aitEcE4OWE2dKS+0xYIJ3IUlLhCpFYsW/lbcLc64KSWVKNZQ==",
      "dependencies": {
        "pareto-core-internals": "^0.6.0"
      }
    },
    "node_modules/pareto-core-internals": {
      "version": "0.6.0",
      "resolved": "https://registry.npmjs.org/pareto-core-internals/-/pareto-core-internals-0.6.0.tgz",
      "integrity": "sha512-ZXHa+PC5n7Ij/ASupX9erNo0ToHzDarv7AMTLfryB/l8YN49W8ZcHqFp6AFayiamtdBEf6nOy24A4OwmPRCkaA==",
      "dependencies": {
        "pareto-core-types": "^0.5.0"
      }
    },
    "node_modules/pareto-core-lib": {
      "version": "0.12.0",
      "resolved": "https://registry.npmjs.org/pareto-core-lib/-/pareto-core-lib-0.12.0.tgz",
      "integrity": "sha512-t8aAPpP0NadPa4umSeZRA/auwQGy+9vn5ez0VUT65m9ZQTuSSJzy2Mg2L8++vZ2VmtfHA3ssLbCYcbWsoJNdcw==",
      "dependencies": {
        "pareto-core-internals": "^0.6.0"
      }
    },
    "node_modules/pareto-core-raw": {
      "version": "0.3.0",
      "resolved": "https://registry.npmjs.org/pareto-core-raw/-/pareto-core-raw-0.3.0.tgz",
      "integrity": "sha512-LM1X9fZdnroE9SBNCRXusyKC7wuzjsvHMc4CVeVSGfPJAmY+cM1u0t80UFEj1Crd9szryxKguBZzBYpln+HSBA==",
      "dependencies": {
        "pareto-core-internals": "^0.6.0"
      }
    },
    "node_modules/pareto-core-state": {
      "version": "0.9.0",
      "resolved": "https://registry.npmjs.org/pareto-core-state/-/pareto-core-state-0.9.0.tgz",
      "integrity": "sha512-12cdQAahgY3YUz3nnCt0D9wB+h/0cBvDHRWtZJTDB2NxrJDAEW22dQMz3tmfdaJbggik3pj53FiJMUQKJ54PqA==",
      "dependencies": {
        "pareto-core-internals": "^0.6.0"
      }
    },
    "node_modules/pareto-core-tostring": {
      "version": "0.6.0",
      "resolved": "https://registry.npmjs.org/pareto-core-tostring/-/pareto-core-tostring-0.6.0.tgz",
      "integrity": "sha512-fklNANBBs8CCYFKHDY+mmx6Hon0GPFTLAfZa6DbVJutranddy9Kzvx5P2GLRlgJZLm2Js0pSEVsTmuQdSu5S+w==",
      "dependencies": {
        "pareto-core-internals": "^0.6.0",
        "pareto-core-types": "^0.5.0"
      }
    },
    "node_modules/pareto-core-types": {
      "version": "0.5.0",
      "resolved": "https://registry.npmjs.org/pareto-core-types/-/pareto-core-types-0.5.0.tgz",
      "integrity": "sha512-RgJ5V2Eg/E8wUtlXL0T+0oywXRubtBChdoKfdRctjExtmrU2UeWkIvrncbxe4k+pyMxO3eJ3NQ/58trkW7L+Cg=="
    },
    "node_modules/res-pareto-collation": {
      "version": "0.6.0",
      "resolved": "https://registry.npmjs.org/res-pareto-collation/-/res-pareto-collation-0.6.0.tgz",
      "integrity": "sha512-6Tr6HfVmjY5T8Bxet94Xm1YzOxIFZeCkhYdlGT7TCswpTv3DHJU/odBz+Zs/NKUNcAYLf54aSj9a0PXbOlKOJw==",
      "dependencies": {
        "api-pareto-collation": "^0.10.0",
        "pareto-core-internals": "^0.6.0"
      }
    },
    "node_modules/res-pareto-filesystem": {
      "version": "0.24.0",
      "resolved": "https://registry.npmjs.org/res-pareto-filesystem/-/res-pareto-filesystem-0.24.0.tgz",
      "integrity": "sha512-jyD30ZnFfQpy9+Cq4LP+CikVCforRkbUGssEnmomsdDmcQar5dy1TfVRjfucarPB3GeoTlTZgzfJ0Ae61n119Q==",
      "dependencies": {
        "api-pareto-filesystem": "^0.2.0",
        "pareto-core-internals": "^0.2.0"
      }
    },
    "node_modules/res-pareto-filesystem/node_modules/pareto-core-internals": {
      "version": "0.2.0",
      "resolved": "https://registry.npmjs.org/pareto-core-internals/-/pareto-core-internals-0.2.0.tgz",
      "integrity": "sha512-pMiM+P1IZGSL5ZguzVZVK6UB6s0aL3AEcBc4mxb6gOGEROMi/TcgNiMHwpIzbQ9KbNVjqXRlal9NUVJHkQPrQw==",
      "dependencies": {
        "pareto-core-types": "^0.2.0"
      }
    },
    "node_modules/res-pareto-filesystem/node_modules/pareto-core-types": {
      "version": "0.2.0",
      "resolved": "https://registry.npmjs.org/pareto-core-types/-/pareto-core-types-0.2.0.tgz",
      "integrity": "sha512-XopY0slTv5wAObZu0nOSsz6O86K/peQhVu+bqIBMJRKiewjawmIOqa9e8JHlFyXdMHxa0Ek4zDThWQVkiBCsKQ=="
    },
    "node_modules/res-pareto-tostring": {
      "version": "0.1.0",
      "resolved": "https://registry.npmjs.org/res-pareto-tostring/-/res-pareto-tostring-0.1.0.tgz",
      "integrity": "sha512-0pDluLyDtlRlQbhCBfBIXWHs8Is/yVjPjkpcEMoFvhELGmpYRq9qG/gLc4urphn0LioGL4n2fpmr64WuJEnW4g==",
      "dependencies": {
        "api-pareto-tostring": "^0.3.0",
        "pareto-core-internals": "^0.6.0",
        "pareto-core-types": "^0.5.0"
      }
    }
  },
  "dependencies": {
    "api-pareto-collation": {
      "version": "0.10.0",
      "resolved": "https://registry.npmjs.org/api-pareto-collation/-/api-pareto-collation-0.10.0.tgz",
      "integrity": "sha512-HCxXyV5FxV0/eB1AMLn9Kr95ZOkXxG9LqQK41qD6UtiSFMqGMuGS4WBoPuyAj2vFy1z5qCNz4LnajQ1MUcgVDw==",
      "requires": {
        "pareto-core-types": "^0.5.0"
      }
    },
    "api-pareto-filesystem": {
      "version": "0.2.0",
      "resolved": "https://registry.npmjs.org/api-pareto-filesystem/-/api-pareto-filesystem-0.2.0.tgz",
      "integrity": "sha512-t8DKYwQ/XcGAD94w5WRnZojOtAe3HyKQaPIng6n2+ZIG+sM8oKGjlC/3BgB27bHgYSiXXM81wBPR9YhMkEAhvg==",
      "requires": {
        "pareto-core-types": "^0.2.0"
      },
      "dependencies": {
        "pareto-core-types": {
          "version": "0.2.0",
          "resolved": "https://registry.npmjs.org/pareto-core-types/-/pareto-core-types-0.2.0.tgz",
          "integrity": "sha512-XopY0slTv5wAObZu0nOSsz6O86K/peQhVu+bqIBMJRKiewjawmIOqa9e8JHlFyXdMHxa0Ek4zDThWQVkiBCsKQ=="
        }
      }
    },
    "api-pareto-tostring": {
      "version": "0.3.0",
      "resolved": "https://registry.npmjs.org/api-pareto-tostring/-/api-pareto-tostring-0.3.0.tgz",
      "integrity": "sha512-K0etuZ07JAwoGM3NLCucX5jlVUv0rqtxatazEOOS/FyrlFY9GHk/08C6IWwp2kBMD07+V+PGNDABDLoFzkmjmA==",
      "requires": {
        "pareto-core-internals": "^0.6.0",
        "pareto-core-types": "^0.5.0"
      }
    },
    "lib-fountain-pen": {
      "version": "0.5.0",
      "resolved": "https://registry.npmjs.org/lib-fountain-pen/-/lib-fountain-pen-0.5.0.tgz",
      "integrity": "sha512-9YA3dKBdWGfBR9J59NaDPcAeIEJcJ8a9m2UwHD2dsjChcMSMv0rh3ubKqm1CmwL68QHSt5JhNp7aND3KULY9bg==",
      "requires": {
        "pareto-core-lib": "^0.12.0",
        "pareto-core-state": "^0.8.0",
        "pareto-core-tostring": "^0.6.0",
        "res-pareto-tostring": "^0.1.0"
      },
      "dependencies": {
        "pareto-core-state": {
          "version": "0.8.0",
          "resolved": "https://registry.npmjs.org/pareto-core-state/-/pareto-core-state-0.8.0.tgz",
          "integrity": "sha512-X4xhrpXYV8jkI6UloEJSwY/Kic5GgqxMZQjPA8aitEcE4OWE2dKS+0xYIJ3IUlLhCpFYsW/lbcLc64KSWVKNZQ==",
          "requires": {
            "pareto-core-internals": "^0.6.0"
          }
        }
      }
    },
    "pareto-core-internals": {
      "version": "0.6.0",
      "resolved": "https://registry.npmjs.org/pareto-core-internals/-/pareto-core-internals-0.6.0.tgz",
      "integrity": "sha512-ZXHa+PC5n7Ij/ASupX9erNo0ToHzDarv7AMTLfryB/l8YN49W8ZcHqFp6AFayiamtdBEf6nOy24A4OwmPRCkaA==",
      "requires": {
        "pareto-core-types": "^0.5.0"
      }
    },
    "pareto-core-lib": {
      "version": "0.12.0",
      "resolved": "https://registry.npmjs.org/pareto-core-lib/-/pareto-core-lib-0.12.0.tgz",
      "integrity": "sha512-t8aAPpP0NadPa4umSeZRA/auwQGy+9vn5ez0VUT65m9ZQTuSSJzy2Mg2L8++vZ2VmtfHA3ssLbCYcbWsoJNdcw==",
      "requires": {
        "pareto-core-internals": "^0.6.0"
      }
    },
    "pareto-core-raw": {
      "version": "0.3.0",
      "resolved": "https://registry.npmjs.org/pareto-core-raw/-/pareto-core-raw-0.3.0.tgz",
      "integrity": "sha512-LM1X9fZdnroE9SBNCRXusyKC7wuzjsvHMc4CVeVSGfPJAmY+cM1u0t80UFEj1Crd9szryxKguBZzBYpln+HSBA==",
      "requires": {
        "pareto-core-internals": "^0.6.0"
      }
    },
    "pareto-core-state": {
      "version": "0.9.0",
      "resolved": "https://registry.npmjs.org/pareto-core-state/-/pareto-core-state-0.9.0.tgz",
      "integrity": "sha512-12cdQAahgY3YUz3nnCt0D9wB+h/0cBvDHRWtZJTDB2NxrJDAEW22dQMz3tmfdaJbggik3pj53FiJMUQKJ54PqA==",
      "requires": {
        "pareto-core-internals": "^0.6.0"
      }
    },
    "pareto-core-tostring": {
      "version": "0.6.0",
      "resolved": "https://registry.npmjs.org/pareto-core-tostring/-/pareto-core-tostring-0.6.0.tgz",
      "integrity": "sha512-fklNANBBs8CCYFKHDY+mmx6Hon0GPFTLAfZa6DbVJutranddy9Kzvx5P2GLRlgJZLm2Js0pSEVsTmuQdSu5S+w==",
      "requires": {
        "pareto-core-internals": "^0.6.0",
        "pareto-core-types": "^0.5.0"
      }
    },
    "pareto-core-types": {
      "version": "0.5.0",
      "resolved": "https://registry.npmjs.org/pareto-core-types/-/pareto-core-types-0.5.0.tgz",
      "integrity": "sha512-RgJ5V2Eg/E8wUtlXL0T+0oywXRubtBChdoKfdRctjExtmrU2UeWkIvrncbxe4k+pyMxO3eJ3NQ/58trkW7L+Cg=="
    },
    "res-pareto-collation": {
      "version": "0.6.0",
      "resolved": "https://registry.npmjs.org/res-pareto-collation/-/res-pareto-collation-0.6.0.tgz",
      "integrity": "sha512-6Tr6HfVmjY5T8Bxet94Xm1YzOxIFZeCkhYdlGT7TCswpTv3DHJU/odBz+Zs/NKUNcAYLf54aSj9a0PXbOlKOJw==",
      "requires": {
        "api-pareto-collation": "^0.10.0",
        "pareto-core-internals": "^0.6.0"
      }
    },
    "res-pareto-filesystem": {
      "version": "0.24.0",
      "resolved": "https://registry.npmjs.org/res-pareto-filesystem/-/res-pareto-filesystem-0.24.0.tgz",
      "integrity": "sha512-jyD30ZnFfQpy9+Cq4LP+CikVCforRkbUGssEnmomsdDmcQar5dy1TfVRjfucarPB3GeoTlTZgzfJ0Ae61n119Q==",
      "requires": {
        "api-pareto-filesystem": "^0.2.0",
        "pareto-core-internals": "^0.2.0"
      },
      "dependencies": {
        "pareto-core-internals": {
          "version": "0.2.0",
          "resolved": "https://registry.npmjs.org/pareto-core-internals/-/pareto-core-internals-0.2.0.tgz",
          "integrity": "sha512-pMiM+P1IZGSL5ZguzVZVK6UB6s0aL3AEcBc4mxb6gOGEROMi/TcgNiMHwpIzbQ9KbNVjqXRlal9NUVJHkQPrQw==",
          "requires": {
            "pareto-core-types": "^0.2.0"
          }
        },
        "pareto-core-types": {
          "version": "0.2.0",
          "resolved": "https://registry.npmjs.org/pareto-core-types/-/pareto-core-types-0.2.0.tgz",
          "integrity": "sha512-XopY0slTv5wAObZu0nOSsz6O86K/peQhVu+bqIBMJRKiewjawmIOqa9e8JHlFyXdMHxa0Ek4zDThWQVkiBCsKQ=="
        }
      }
    },
    "res-pareto-tostring": {
      "version": "0.1.0",
      "resolved": "https://registry.npmjs.org/res-pareto-tostring/-/res-pareto-tostring-0.1.0.tgz",
      "integrity": "sha512-0pDluLyDtlRlQbhCBfBIXWHs8Is/yVjPjkpcEMoFvhELGmpYRq9qG/gLc4urphn0LioGL4n2fpmr64WuJEnW4g==",
      "requires": {
        "api-pareto-tostring": "^0.3.0",
        "pareto-core-internals": "^0.6.0",
        "pareto-core-types": "^0.5.0"
      }
    }
  }
}
